
Microsoft Visual Studio Solution File, Format Version 12.00
# Visual Studio Version 16
VisualStudioVersion = 16.0.31605.320
MinimumVisualStudioVersion = 10.0.40219.1
Project("{FAE04EC0-301F-11D3-BF4B-00C04F79EFBC}") = "CardGameSchool", "CardGameSchool\CardGameSchool.csproj", "{49A67B58-0E80-4B91-8281-CC45665D2B19}"
EndProject
Global
	GlobalSection(SolutionConfigurationPlatforms) = preSolution
		Debug|Any CPU = Debug|Any CPU
		Release|Any CPU = Release|Any CPU
	EndGlobalSection
	GlobalSection(ProjectConfigurationPlatforms) = postSolution
		{49A67B58-0E80-4B91-8281-CC45665D2B19}.Debug|Any CPU.ActiveCfg = Debug|Any CPU
		{49A67B58-0E80-4B91-8281-CC45665D2B19}.Debug|Any CPU.Build.0 = Debug|Any CPU
		{49A67B58-0E80-4B91-8281-CC45665D2B19}.Release|Any CPU.ActiveCfg = Release|Any CPU
		{49A67B58-0E80-4B91-8281-CC45665D2B19}.Release|Any CPU.Build.0 = Release|Any CPU
	EndGlobalSection
	GlobalSection(SolutionProperties) = preSolution
		HideSolutionNode = FALSE
	EndGlobalSection
	GlobalSection(ExtensibilityGlobals) = postSolution
		SolutionGuid = {0FBD32E8-5BD4-4562-BE1E-24F5C676F29A}
	EndGlobalSection
EndGlobal
